#MicroXplorer Configuration settings - do not modify
ADC1.Channel-0\#ChannelRegularConversion=ADC_CHANNEL_10
ADC1.Channel-1\#ChannelInjectedConversion=ADC_CHANNEL_11
ADC1.Channel-2\#ChannelInjectedConversion=ADC_CHANNEL_10
ADC1.Channel-3\#ChannelInjectedConversion=ADC_CHANNEL_8
ADC1.Channel-4\#ChannelInjectedConversion=ADC_CHANNEL_9
ADC1.ClockPrescaler=ADC_CLOCK_SYNC_PCLK_DIV4
ADC1.ContinuousConvMode=ENABLE
ADC1.EOCSelection=ADC_EOC_SEQ_CONV
ADC1.ExternalTrigInjecConv=ADC_EXTERNALTRIGINJECCONV_T4_TRGO
ADC1.IPParameters=Rank-0\#ChannelRegularConversion,master,Channel-0\#ChannelRegularConversion,SamplingTime-0\#ChannelRegularConversion,NbrOfConversionFlag,ScanConvMode,ContinuousConvMode,EOCSelection,NbrOfConversion,InjectedRank-1\#ChannelInjectedConversion,Channel-1\#ChannelInjectedConversion,SamplingTime-1\#ChannelInjectedConversion,InjectedOffset-1\#ChannelInjectedConversion,InjectedRank-2\#ChannelInjectedConversion,Channel-2\#ChannelInjectedConversion,SamplingTime-2\#ChannelInjectedConversion,InjectedOffset-2\#ChannelInjectedConversion,InjNumberOfConversion,ExternalTrigInjecConv,InjectedRank-3\#ChannelInjectedConversion,Channel-3\#ChannelInjectedConversion,SamplingTime-3\#ChannelInjectedConversion,InjectedOffset-3\#ChannelInjectedConversion,InjectedRank-4\#ChannelInjectedConversion,Channel-4\#ChannelInjectedConversion,SamplingTime-4\#ChannelInjectedConversion,InjectedOffset-4\#ChannelInjectedConversion,ClockPrescaler
ADC1.InjNumberOfConversion=4
ADC1.InjectedOffset-1\#ChannelInjectedConversion=0
ADC1.InjectedOffset-2\#ChannelInjectedConversion=0
ADC1.InjectedOffset-3\#ChannelInjectedConversion=0
ADC1.InjectedOffset-4\#ChannelInjectedConversion=0
ADC1.InjectedRank-1\#ChannelInjectedConversion=1
ADC1.InjectedRank-2\#ChannelInjectedConversion=2
ADC1.InjectedRank-3\#ChannelInjectedConversion=3
ADC1.InjectedRank-4\#ChannelInjectedConversion=4
ADC1.NbrOfConversion=1
ADC1.NbrOfConversionFlag=1
ADC1.Rank-0\#ChannelRegularConversion=1
ADC1.SamplingTime-0\#ChannelRegularConversion=ADC_SAMPLETIME_3CYCLES
ADC1.SamplingTime-1\#ChannelInjectedConversion=ADC_SAMPLETIME_28CYCLES
ADC1.SamplingTime-2\#ChannelInjectedConversion=ADC_SAMPLETIME_28CYCLES
ADC1.SamplingTime-3\#ChannelInjectedConversion=ADC_SAMPLETIME_28CYCLES
ADC1.SamplingTime-4\#ChannelInjectedConversion=ADC_SAMPLETIME_28CYCLES
ADC1.ScanConvMode=ENABLE
ADC1.master=1
ADC2.Channel-0\#ChannelRegularConversion=ADC_CHANNEL_14
ADC2.Channel-1\#ChannelInjectedConversion=ADC_CHANNEL_14
ADC2.Channel-2\#ChannelInjectedConversion=ADC_CHANNEL_15
ADC2.ClockPrescaler=ADC_CLOCK_SYNC_PCLK_DIV4
ADC2.ContinuousConvMode=ENABLE
ADC2.EOCSelection=ADC_EOC_SEQ_CONV
ADC2.ExternalTrigInjecConv=ADC_EXTERNALTRIGINJECCONV_T4_TRGO
ADC2.IPParameters=Rank-0\#ChannelRegularConversion,Channel-0\#ChannelRegularConversion,SamplingTime-0\#ChannelRegularConversion,NbrOfConversionFlag,ClockPrescaler,ScanConvMode,ContinuousConvMode,EOCSelection,InjectedRank-1\#ChannelInjectedConversion,Channel-1\#ChannelInjectedConversion,SamplingTime-1\#ChannelInjectedConversion,InjectedOffset-1\#ChannelInjectedConversion,InjNumberOfConversion,ExternalTrigInjecConv,InjectedRank-2\#ChannelInjectedConversion,Channel-2\#ChannelInjectedConversion,SamplingTime-2\#ChannelInjectedConversion,InjectedOffset-2\#ChannelInjectedConversion
ADC2.InjNumberOfConversion=2
ADC2.InjectedOffset-1\#ChannelInjectedConversion=0
ADC2.InjectedOffset-2\#ChannelInjectedConversion=0
ADC2.InjectedRank-1\#ChannelInjectedConversion=1
ADC2.InjectedRank-2\#ChannelInjectedConversion=2
ADC2.NbrOfConversionFlag=1
ADC2.Rank-0\#ChannelRegularConversion=1
ADC2.SamplingTime-0\#ChannelRegularConversion=ADC_SAMPLETIME_3CYCLES
ADC2.SamplingTime-1\#ChannelInjectedConversion=ADC_SAMPLETIME_28CYCLES
ADC2.SamplingTime-2\#ChannelInjectedConversion=ADC_SAMPLETIME_28CYCLES
ADC2.ScanConvMode=ENABLE
Dma.I2S3_EXT_RX.9.Direction=DMA_PERIPH_TO_MEMORY
Dma.I2S3_EXT_RX.9.FIFOMode=DMA_FIFOMODE_ENABLE
Dma.I2S3_EXT_RX.9.FIFOThreshold=DMA_FIFO_THRESHOLD_FULL
Dma.I2S3_EXT_RX.9.Instance=DMA1_Stream0
Dma.I2S3_EXT_RX.9.MemBurst=DMA_MBURST_SINGLE
Dma.I2S3_EXT_RX.9.MemDataAlignment=DMA_MDATAALIGN_HALFWORD
Dma.I2S3_EXT_RX.9.MemInc=DMA_MINC_ENABLE
Dma.I2S3_EXT_RX.9.Mode=DMA_CIRCULAR
Dma.I2S3_EXT_RX.9.PeriphBurst=DMA_PBURST_SINGLE
Dma.I2S3_EXT_RX.9.PeriphDataAlignment=DMA_PDATAALIGN_HALFWORD
Dma.I2S3_EXT_RX.9.PeriphInc=DMA_PINC_DISABLE
Dma.I2S3_EXT_RX.9.Priority=DMA_PRIORITY_VERY_HIGH
Dma.I2S3_EXT_RX.9.RequestParameters=Instance,Direction,PeriphInc,MemInc,PeriphDataAlignment,MemDataAlignment,Mode,Priority,FIFOMode,FIFOThreshold,MemBurst,PeriphBurst
Dma.MEMTOMEM.1.Direction=DMA_MEMORY_TO_MEMORY
Dma.MEMTOMEM.1.FIFOMode=DMA_FIFOMODE_ENABLE
Dma.MEMTOMEM.1.FIFOThreshold=DMA_FIFO_THRESHOLD_FULL
Dma.MEMTOMEM.1.Instance=DMA2_Stream7
Dma.MEMTOMEM.1.MemBurst=DMA_MBURST_INC4
Dma.MEMTOMEM.1.MemDataAlignment=DMA_MDATAALIGN_WORD
Dma.MEMTOMEM.1.MemInc=DMA_MINC_ENABLE
Dma.MEMTOMEM.1.Mode=DMA_NORMAL
Dma.MEMTOMEM.1.PeriphBurst=DMA_PBURST_INC4
Dma.MEMTOMEM.1.PeriphDataAlignment=DMA_PDATAALIGN_WORD
Dma.MEMTOMEM.1.PeriphInc=DMA_PINC_ENABLE
Dma.MEMTOMEM.1.Priority=DMA_PRIORITY_LOW
Dma.MEMTOMEM.1.RequestParameters=Instance,Direction,PeriphInc,MemInc,PeriphDataAlignment,MemDataAlignment,Mode,Priority,FIFOMode,FIFOThreshold,MemBurst,PeriphBurst
Dma.MEMTOMEM.2.Direction=DMA_MEMORY_TO_MEMORY
Dma.MEMTOMEM.2.FIFOMode=DMA_FIFOMODE_ENABLE
Dma.MEMTOMEM.2.FIFOThreshold=DMA_FIFO_THRESHOLD_FULL
Dma.MEMTOMEM.2.Instance=DMA2_Stream6
Dma.MEMTOMEM.2.MemBurst=DMA_MBURST_INC8
Dma.MEMTOMEM.2.MemDataAlignment=DMA_MDATAALIGN_HALFWORD
Dma.MEMTOMEM.2.MemInc=DMA_MINC_DISABLE
Dma.MEMTOMEM.2.Mode=DMA_NORMAL
Dma.MEMTOMEM.2.PeriphBurst=DMA_PBURST_INC8
Dma.MEMTOMEM.2.PeriphDataAlignment=DMA_PDATAALIGN_HALFWORD
Dma.MEMTOMEM.2.PeriphInc=DMA_PINC_ENABLE
Dma.MEMTOMEM.2.Priority=DMA_PRIORITY_LOW
Dma.MEMTOMEM.2.RequestParameters=Instance,Direction,PeriphInc,MemInc,PeriphDataAlignment,MemDataAlignment,Mode,Priority,FIFOMode,FIFOThreshold,MemBurst,PeriphBurst
Dma.MEMTOMEM.3.Direction=DMA_MEMORY_TO_MEMORY
Dma.MEMTOMEM.3.FIFOMode=DMA_FIFOMODE_ENABLE
Dma.MEMTOMEM.3.FIFOThreshold=DMA_FIFO_THRESHOLD_FULL
Dma.MEMTOMEM.3.Instance=DMA2_Stream4
Dma.MEMTOMEM.3.MemBurst=DMA_MBURST_INC8
Dma.MEMTOMEM.3.MemDataAlignment=DMA_MDATAALIGN_HALFWORD
Dma.MEMTOMEM.3.MemInc=DMA_MINC_ENABLE
Dma.MEMTOMEM.3.Mode=DMA_NORMAL
Dma.MEMTOMEM.3.PeriphBurst=DMA_PBURST_INC8
Dma.MEMTOMEM.3.PeriphDataAlignment=DMA_PDATAALIGN_HALFWORD
Dma.MEMTOMEM.3.PeriphInc=DMA_PINC_ENABLE
Dma.MEMTOMEM.3.Priority=DMA_PRIORITY_LOW
Dma.MEMTOMEM.3.RequestParameters=Instance,Direction,PeriphInc,MemInc,PeriphDataAlignment,MemDataAlignment,Mode,Priority,FIFOMode,FIFOThreshold,MemBurst,PeriphBurst
Dma.MEMTOMEM.4.Direction=DMA_MEMORY_TO_MEMORY
Dma.MEMTOMEM.4.FIFOMode=DMA_FIFOMODE_ENABLE
Dma.MEMTOMEM.4.FIFOThreshold=DMA_FIFO_THRESHOLD_FULL
Dma.MEMTOMEM.4.Instance=DMA2_Stream1
Dma.MEMTOMEM.4.MemBurst=DMA_MBURST_INC4
Dma.MEMTOMEM.4.MemDataAlignment=DMA_MDATAALIGN_WORD
Dma.MEMTOMEM.4.MemInc=DMA_MINC_ENABLE
Dma.MEMTOMEM.4.Mode=DMA_NORMAL
Dma.MEMTOMEM.4.PeriphBurst=DMA_PBURST_INC4
Dma.MEMTOMEM.4.PeriphDataAlignment=DMA_PDATAALIGN_WORD
Dma.MEMTOMEM.4.PeriphInc=DMA_PINC_ENABLE
Dma.MEMTOMEM.4.Priority=DMA_PRIORITY_HIGH
Dma.MEMTOMEM.4.RequestParameters=Instance,Direction,PeriphInc,MemInc,PeriphDataAlignment,MemDataAlignment,Mode,Priority,FIFOMode,FIFOThreshold,MemBurst,PeriphBurst
Dma.MEMTOMEM.5.Direction=DMA_MEMORY_TO_MEMORY
Dma.MEMTOMEM.5.FIFOMode=DMA_FIFOMODE_ENABLE
Dma.MEMTOMEM.5.FIFOThreshold=DMA_FIFO_THRESHOLD_FULL
Dma.MEMTOMEM.5.Instance=DMA2_Stream0
Dma.MEMTOMEM.5.MemBurst=DMA_MBURST_INC4
Dma.MEMTOMEM.5.MemDataAlignment=DMA_MDATAALIGN_WORD
Dma.MEMTOMEM.5.MemInc=DMA_MINC_ENABLE
Dma.MEMTOMEM.5.Mode=DMA_NORMAL
Dma.MEMTOMEM.5.PeriphBurst=DMA_PBURST_INC4
Dma.MEMTOMEM.5.PeriphDataAlignment=DMA_PDATAALIGN_WORD
Dma.MEMTOMEM.5.PeriphInc=DMA_PINC_ENABLE
Dma.MEMTOMEM.5.Priority=DMA_PRIORITY_HIGH
Dma.MEMTOMEM.5.RequestParameters=Instance,Direction,PeriphInc,MemInc,PeriphDataAlignment,MemDataAlignment,Mode,Priority,FIFOMode,FIFOThreshold,MemBurst,PeriphBurst
Dma.MEMTOMEM.6.Direction=DMA_MEMORY_TO_MEMORY
Dma.MEMTOMEM.6.FIFOMode=DMA_FIFOMODE_ENABLE
Dma.MEMTOMEM.6.FIFOThreshold=DMA_FIFO_THRESHOLD_FULL
Dma.MEMTOMEM.6.Instance=DMA2_Stream2
Dma.MEMTOMEM.6.MemBurst=DMA_MBURST_INC4
Dma.MEMTOMEM.6.MemDataAlignment=DMA_MDATAALIGN_WORD
Dma.MEMTOMEM.6.MemInc=DMA_MINC_ENABLE
Dma.MEMTOMEM.6.Mode=DMA_NORMAL
Dma.MEMTOMEM.6.PeriphBurst=DMA_PBURST_INC4
Dma.MEMTOMEM.6.PeriphDataAlignment=DMA_PDATAALIGN_WORD
Dma.MEMTOMEM.6.PeriphInc=DMA_PINC_ENABLE
Dma.MEMTOMEM.6.Priority=DMA_PRIORITY_HIGH
Dma.MEMTOMEM.6.RequestParameters=Instance,Direction,PeriphInc,MemInc,PeriphDataAlignment,MemDataAlignment,Mode,Priority,FIFOMode,FIFOThreshold,MemBurst,PeriphBurst
Dma.MEMTOMEM.7.Direction=DMA_MEMORY_TO_MEMORY
Dma.MEMTOMEM.7.FIFOMode=DMA_FIFOMODE_ENABLE
Dma.MEMTOMEM.7.FIFOThreshold=DMA_FIFO_THRESHOLD_FULL
Dma.MEMTOMEM.7.Instance=DMA2_Stream3
Dma.MEMTOMEM.7.MemBurst=DMA_MBURST_SINGLE
Dma.MEMTOMEM.7.MemDataAlignment=DMA_MDATAALIGN_HALFWORD
Dma.MEMTOMEM.7.MemInc=DMA_MINC_DISABLE
Dma.MEMTOMEM.7.Mode=DMA_NORMAL
Dma.MEMTOMEM.7.PeriphBurst=DMA_PBURST_SINGLE
Dma.MEMTOMEM.7.PeriphDataAlignment=DMA_PDATAALIGN_HALFWORD
Dma.MEMTOMEM.7.PeriphInc=DMA_PINC_DISABLE
Dma.MEMTOMEM.7.Priority=DMA_PRIORITY_LOW
Dma.MEMTOMEM.7.RequestParameters=Instance,Direction,PeriphInc,MemInc,PeriphDataAlignment,MemDataAlignment,Mode,Priority,FIFOMode,FIFOThreshold,MemBurst,PeriphBurst
Dma.MEMTOMEM.8.Direction=DMA_MEMORY_TO_MEMORY
Dma.MEMTOMEM.8.FIFOMode=DMA_FIFOMODE_ENABLE
Dma.MEMTOMEM.8.FIFOThreshold=DMA_FIFO_THRESHOLD_FULL
Dma.MEMTOMEM.8.Instance=DMA2_Stream5
Dma.MEMTOMEM.8.MemBurst=DMA_MBURST_INC8
Dma.MEMTOMEM.8.MemDataAlignment=DMA_MDATAALIGN_HALFWORD
Dma.MEMTOMEM.8.MemInc=DMA_MINC_DISABLE
Dma.MEMTOMEM.8.Mode=DMA_NORMAL
Dma.MEMTOMEM.8.PeriphBurst=DMA_PBURST_INC8
Dma.MEMTOMEM.8.PeriphDataAlignment=DMA_PDATAALIGN_HALFWORD
Dma.MEMTOMEM.8.PeriphInc=DMA_PINC_ENABLE
Dma.MEMTOMEM.8.Priority=DMA_PRIORITY_LOW
Dma.MEMTOMEM.8.RequestParameters=Instance,Direction,PeriphInc,MemInc,PeriphDataAlignment,MemDataAlignment,Mode,Priority,FIFOMode,FIFOThreshold,MemBurst,PeriphBurst
Dma.Request0=SPI3_TX
Dma.Request1=MEMTOMEM
Dma.Request2=MEMTOMEM
Dma.Request3=MEMTOMEM
Dma.Request4=MEMTOMEM
Dma.Request5=MEMTOMEM
Dma.Request6=MEMTOMEM
Dma.Request7=MEMTOMEM
Dma.Request8=MEMTOMEM
Dma.Request9=I2S3_EXT_RX
Dma.RequestsNb=10
Dma.SPI3_TX.0.Direction=DMA_MEMORY_TO_PERIPH
Dma.SPI3_TX.0.FIFOMode=DMA_FIFOMODE_ENABLE
Dma.SPI3_TX.0.FIFOThreshold=DMA_FIFO_THRESHOLD_FULL
Dma.SPI3_TX.0.Instance=DMA1_Stream5
Dma.SPI3_TX.0.MemBurst=DMA_MBURST_SINGLE
Dma.SPI3_TX.0.MemDataAlignment=DMA_MDATAALIGN_HALFWORD
Dma.SPI3_TX.0.MemInc=DMA_MINC_ENABLE
Dma.SPI3_TX.0.Mode=DMA_CIRCULAR
Dma.SPI3_TX.0.PeriphBurst=DMA_PBURST_SINGLE
Dma.SPI3_TX.0.PeriphDataAlignment=DMA_PDATAALIGN_HALFWORD
Dma.SPI3_TX.0.PeriphInc=DMA_PINC_DISABLE
Dma.SPI3_TX.0.Priority=DMA_PRIORITY_VERY_HIGH
Dma.SPI3_TX.0.RequestParameters=Instance,Direction,PeriphInc,MemInc,PeriphDataAlignment,MemDataAlignment,Mode,Priority,FIFOMode,FIFOThreshold,MemBurst,PeriphBurst
FSMC.AddressSetupTime1=5
FSMC.BusTurnAroundDuration1=3
FSMC.DataSetupTime1=5
FSMC.ExtendedMode1=FSMC_EXTENDED_MODE_DISABLE
FSMC.IPParameters=AddressSetupTime1,DataSetupTime1,BusTurnAroundDuration1,ExtendedMode1
File.Version=6
GPIO.groupedBy=Group By Peripherals
I2S3.AudioFreq=I2S_AUDIOFREQ_48K
I2S3.ClockSource=I2S_CLOCK_EXTERNAL
I2S3.DataFormat=I2S_DATAFORMAT_32B
I2S3.ErrorAudioFreq=0.0 %
I2S3.FullDuplexMode=I2S_FULLDUPLEXMODE_ENABLE
I2S3.IPParameters=Instance,VirtualMode,FullDuplexMode,RealAudioFreq,ErrorAudioFreq,ClockSource,DataFormat,AudioFreq
I2S3.Instance=SPI$Index
I2S3.RealAudioFreq=48.0 KHz
I2S3.VirtualMode=I2S_MODE_MASTER
KeepUserPlacement=false
Mcu.Family=STM32F4
Mcu.IP0=ADC1
Mcu.IP1=ADC2
Mcu.IP10=TIM3
Mcu.IP11=TIM4
Mcu.IP12=TIM5
Mcu.IP13=TIM6
Mcu.IP14=TIM7
Mcu.IP15=TIM8
Mcu.IP16=USB_OTG_FS
Mcu.IP2=DMA
Mcu.IP3=FSMC
Mcu.IP4=I2S3
Mcu.IP5=NVIC
Mcu.IP6=RCC
Mcu.IP7=RTC
Mcu.IP8=SPI2
Mcu.IP9=SYS
Mcu.IPNb=17
Mcu.Name=STM32F407V(E-G)Tx
Mcu.Package=LQFP100
Mcu.Pin0=PE3
Mcu.Pin1=PE4
Mcu.Pin10=PC1
Mcu.Pin11=PC2
Mcu.Pin12=PC3
Mcu.Pin13=PA0-WKUP
Mcu.Pin14=PA1
Mcu.Pin15=PA2
Mcu.Pin16=PA3
Mcu.Pin17=PA4
Mcu.Pin18=PA5
Mcu.Pin19=PA6
Mcu.Pin2=PE5
Mcu.Pin20=PA7
Mcu.Pin21=PC4
Mcu.Pin22=PC5
Mcu.Pin23=PB0
Mcu.Pin24=PB1
Mcu.Pin25=PB2
Mcu.Pin26=PE7
Mcu.Pin27=PE8
Mcu.Pin28=PE9
Mcu.Pin29=PE10
Mcu.Pin3=PE6
Mcu.Pin30=PE11
Mcu.Pin31=PE12
Mcu.Pin32=PE13
Mcu.Pin33=PE14
Mcu.Pin34=PE15
Mcu.Pin35=PB10
Mcu.Pin36=PB12
Mcu.Pin37=PB13
Mcu.Pin38=PB14
Mcu.Pin39=PB15
Mcu.Pin4=PC13-ANTI_TAMP
Mcu.Pin40=PD8
Mcu.Pin41=PD9
Mcu.Pin42=PD10
Mcu.Pin43=PD13
Mcu.Pin44=PD14
Mcu.Pin45=PD15
Mcu.Pin46=PC7
Mcu.Pin47=PC8
Mcu.Pin48=PC9
Mcu.Pin49=PA11
Mcu.Pin5=PC14-OSC32_IN
Mcu.Pin50=PA12
Mcu.Pin51=PA13
Mcu.Pin52=PA14
Mcu.Pin53=PA15
Mcu.Pin54=PC10
Mcu.Pin55=PC11
Mcu.Pin56=PC12
Mcu.Pin57=PD0
Mcu.Pin58=PD1
Mcu.Pin59=PD3
Mcu.Pin6=PC15-OSC32_OUT
Mcu.Pin60=PD4
Mcu.Pin61=PD5
Mcu.Pin62=PD6
Mcu.Pin63=PD7
Mcu.Pin64=PB3
Mcu.Pin65=PB6
Mcu.Pin66=PB7
Mcu.Pin67=PE0
Mcu.Pin68=PE1
Mcu.Pin69=VP_RTC_VS_RTC_Activate
Mcu.Pin7=PH0-OSC_IN
Mcu.Pin70=VP_SYS_VS_Systick
Mcu.Pin71=VP_TIM3_VS_ClockSourceINT
Mcu.Pin72=VP_TIM4_VS_ClockSourceINT
Mcu.Pin73=VP_TIM5_VS_ClockSourceINT
Mcu.Pin74=VP_TIM6_VS_ClockSourceINT
Mcu.Pin75=VP_TIM7_VS_ClockSourceINT
Mcu.Pin76=VP_TIM8_VS_ClockSourceINT
Mcu.Pin8=PH1-OSC_OUT
Mcu.Pin9=PC0
Mcu.PinsNb=77
Mcu.ThirdPartyNb=0
Mcu.UserConstants=
Mcu.UserName=STM32F407VETx
MxCube.Version=6.1.0
MxDb.Version=DB.6.0.10
NVIC.BusFault_IRQn=true\:0\:0\:false\:false\:true\:false\:false
NVIC.DMA1_Stream0_IRQn=true\:0\:0\:false\:false\:true\:false\:true
NVIC.DMA1_Stream5_IRQn=true\:1\:0\:true\:false\:true\:false\:true
NVIC.DMA2_Stream1_IRQn=true\:4\:0\:true\:false\:true\:true\:true
NVIC.DMA2_Stream2_IRQn=true\:4\:0\:true\:false\:true\:true\:true
NVIC.DMA2_Stream5_IRQn=true\:7\:0\:true\:false\:true\:true\:true
NVIC.DMA2_Stream6_IRQn=true\:7\:0\:true\:false\:true\:true\:true
NVIC.DebugMonitor_IRQn=true\:0\:0\:false\:false\:true\:false\:false
NVIC.EXTI0_IRQn=true\:6\:0\:true\:false\:true\:true\:true
NVIC.EXTI15_10_IRQn=true\:3\:0\:true\:false\:true\:true\:true
NVIC.EXTI1_IRQn=true\:6\:0\:true\:false\:true\:true\:true
NVIC.EXTI2_IRQn=true\:6\:0\:true\:false\:true\:true\:true
NVIC.EXTI3_IRQn=true\:2\:0\:true\:false\:true\:true\:true
NVIC.EXTI9_5_IRQn=true\:6\:0\:true\:false\:true\:true\:true
NVIC.ForceEnableDMAVector=true
NVIC.HardFault_IRQn=true\:0\:0\:false\:false\:true\:false\:false
NVIC.MemoryManagement_IRQn=true\:0\:0\:false\:false\:true\:false\:false
NVIC.NonMaskableInt_IRQn=true\:0\:0\:false\:false\:true\:false\:false
NVIC.OTG_FS_IRQn=true\:1\:0\:true\:false\:true\:true\:true
NVIC.PendSV_IRQn=true\:0\:0\:false\:false\:true\:false\:false
NVIC.PriorityGroup=NVIC_PRIORITYGROUP_4
NVIC.SPI3_IRQn=true\:0\:0\:false\:false\:true\:true\:true
NVIC.SVCall_IRQn=true\:0\:0\:false\:false\:true\:false\:false
NVIC.SysTick_IRQn=true\:0\:0\:false\:false\:true\:false\:true
NVIC.TIM3_IRQn=true\:2\:0\:true\:false\:true\:true\:true
NVIC.TIM4_IRQn=true\:9\:0\:true\:false\:true\:true\:true
NVIC.TIM5_IRQn=true\:5\:0\:true\:false\:true\:true\:true
NVIC.TIM6_DAC_IRQn=true\:8\:0\:true\:false\:true\:true\:true
NVIC.TIM7_IRQn=true\:11\:0\:true\:false\:true\:true\:true
NVIC.TIM8_UP_TIM13_IRQn=true\:10\:0\:true\:false\:true\:true\:true
NVIC.UsageFault_IRQn=true\:0\:0\:false\:false\:true\:false\:false
PA0-WKUP.GPIOParameters=GPIO_Speed,PinState,GPIO_PuPd,GPIO_Label,GPIO_ModeDefaultOutputPP
PA0-WKUP.GPIO_Label=FPGA_BUS_D0
PA0-WKUP.GPIO_ModeDefaultOutputPP=GPIO_MODE_OUTPUT_PP
PA0-WKUP.GPIO_PuPd=GPIO_PULLUP
PA0-WKUP.GPIO_Speed=GPIO_SPEED_FREQ_LOW
PA0-WKUP.Locked=true
PA0-WKUP.PinState=GPIO_PIN_RESET
PA0-WKUP.Signal=GPIO_Output
PA1.GPIOParameters=GPIO_Speed,PinState,GPIO_PuPd,GPIO_Label,GPIO_ModeDefaultOutputPP
PA1.GPIO_Label=FPGA_BUS_D1
PA1.GPIO_ModeDefaultOutputPP=GPIO_MODE_OUTPUT_PP
PA1.GPIO_PuPd=GPIO_PULLUP
PA1.GPIO_Speed=GPIO_SPEED_FREQ_LOW
PA1.Locked=true
PA1.PinState=GPIO_PIN_RESET
PA1.Signal=GPIO_Output
PA11.GPIOParameters=GPIO_Speed,GPIO_PuPd
PA11.GPIO_PuPd=GPIO_NOPULL
PA11.GPIO_Speed=GPIO_SPEED_FREQ_LOW
PA11.Mode=Device_Only
PA11.Signal=USB_OTG_FS_DM
PA12.GPIOParameters=GPIO_Speed,GPIO_PuPd
PA12.GPIO_PuPd=GPIO_NOPULL
PA12.GPIO_Speed=GPIO_SPEED_FREQ_LOW
PA12.Mode=Device_Only
PA12.Signal=USB_OTG_FS_DP
PA13.Mode=Trace_Asynchronous_SW
PA13.Signal=SYS_JTMS-SWDIO
PA14.Mode=Trace_Asynchronous_SW
PA14.Signal=SYS_JTCK-SWCLK
PA15.GPIOParameters=GPIO_Speed,GPIO_PuPd,GPIO_Label
PA15.GPIO_Label=WM8731_WS_LRC
PA15.GPIO_PuPd=GPIO_PULLUP
PA15.GPIO_Speed=GPIO_SPEED_FREQ_VERY_HIGH
PA15.Locked=true
PA15.Mode=Full_Duplex_Master
PA15.Signal=I2S3_WS
PA2.GPIOParameters=GPIO_Speed,PinState,GPIO_PuPd,GPIO_Label,GPIO_ModeDefaultOutputPP
PA2.GPIO_Label=FPGA_BUS_D2
PA2.GPIO_ModeDefaultOutputPP=GPIO_MODE_OUTPUT_PP
PA2.GPIO_PuPd=GPIO_PULLUP
PA2.GPIO_Speed=GPIO_SPEED_FREQ_LOW
PA2.Locked=true
PA2.PinState=GPIO_PIN_RESET
PA2.Signal=GPIO_Output
PA3.GPIOParameters=GPIO_Speed,PinState,GPIO_PuPd,GPIO_Label,GPIO_ModeDefaultOutputPP
PA3.GPIO_Label=FPGA_BUS_D3
PA3.GPIO_ModeDefaultOutputPP=GPIO_MODE_OUTPUT_PP
PA3.GPIO_PuPd=GPIO_PULLUP
PA3.GPIO_Speed=GPIO_SPEED_FREQ_LOW
PA3.Locked=true
PA3.PinState=GPIO_PIN_RESET
PA3.Signal=GPIO_Output
PA4.GPIOParameters=GPIO_Speed,PinState,GPIO_PuPd,GPIO_Label,GPIO_ModeDefaultOutputPP
PA4.GPIO_Label=FPGA_BUS_D4
PA4.GPIO_ModeDefaultOutputPP=GPIO_MODE_OUTPUT_PP
PA4.GPIO_PuPd=GPIO_PULLUP
PA4.GPIO_Speed=GPIO_SPEED_FREQ_LOW
PA4.Locked=true
PA4.PinState=GPIO_PIN_RESET
PA4.Signal=GPIO_Output
PA5.GPIOParameters=GPIO_Speed,PinState,GPIO_PuPd,GPIO_Label,GPIO_ModeDefaultOutputPP
PA5.GPIO_Label=FPGA_BUS_D5
PA5.GPIO_ModeDefaultOutputPP=GPIO_MODE_OUTPUT_PP
PA5.GPIO_PuPd=GPIO_PULLUP
PA5.GPIO_Speed=GPIO_SPEED_FREQ_LOW
PA5.Locked=true
PA5.PinState=GPIO_PIN_RESET
PA5.Signal=GPIO_Output
PA6.GPIOParameters=GPIO_Speed,PinState,GPIO_PuPd,GPIO_Label,GPIO_ModeDefaultOutputPP
PA6.GPIO_Label=FPGA_BUS_D6
PA6.GPIO_ModeDefaultOutputPP=GPIO_MODE_OUTPUT_PP
PA6.GPIO_PuPd=GPIO_PULLUP
PA6.GPIO_Speed=GPIO_SPEED_FREQ_LOW
PA6.Locked=true
PA6.PinState=GPIO_PIN_RESET
PA6.Signal=GPIO_Output
PA7.GPIOParameters=GPIO_Speed,PinState,GPIO_PuPd,GPIO_Label,GPIO_ModeDefaultOutputPP
PA7.GPIO_Label=FPGA_BUS_D7
PA7.GPIO_ModeDefaultOutputPP=GPIO_MODE_OUTPUT_PP
PA7.GPIO_PuPd=GPIO_PULLUP
PA7.GPIO_Speed=GPIO_SPEED_FREQ_LOW
PA7.Locked=true
PA7.PinState=GPIO_PIN_RESET
PA7.Signal=GPIO_Output
PB0.GPIOParameters=GPIO_Label
PB0.GPIO_Label=PTT_SW1
PB0.Locked=true
PB0.Signal=ADCx_IN8
PB1.GPIOParameters=GPIO_Label
PB1.GPIO_Label=PTT_SW2
PB1.Locked=true
PB1.Signal=ADCx_IN9
PB10.GPIOParameters=GPIO_PuPd,GPIO_Label
PB10.GPIO_Label=AUDIO_48K_CLOCK
PB10.GPIO_PuPd=GPIO_PULLUP
PB10.Locked=true
PB10.Signal=GPXTI10
PB12.GPIOParameters=GPIO_PuPd,GPIO_Label
PB12.GPIO_Label=W25Q16_CS
PB12.GPIO_PuPd=GPIO_PULLUP
PB12.Locked=true
PB12.Signal=GPIO_Output
PB13.GPIOParameters=GPIO_Speed,GPIO_PuPd,GPIO_Label
PB13.GPIO_Label=PERI_SCK
PB13.GPIO_PuPd=GPIO_PULLUP
PB13.GPIO_Speed=GPIO_SPEED_FREQ_LOW
PB13.Locked=true
PB13.Mode=Full_Duplex_Master
PB13.Signal=SPI2_SCK
PB14.GPIOParameters=GPIO_Speed,GPIO_PuPd,GPIO_Label
PB14.GPIO_Label=PERI_MISO
PB14.GPIO_PuPd=GPIO_PULLUP
PB14.GPIO_Speed=GPIO_SPEED_FREQ_LOW
PB14.Mode=Full_Duplex_Master
PB14.Signal=SPI2_MISO
PB15.GPIOParameters=GPIO_Speed,GPIO_PuPd,GPIO_Label
PB15.GPIO_Label=PERI_MOSI
PB15.GPIO_PuPd=GPIO_PULLUP
PB15.GPIO_Speed=GPIO_SPEED_FREQ_LOW
PB15.Mode=Full_Duplex_Master
PB15.Signal=SPI2_MOSI
PB2.GPIOParameters=GPIO_PuPd,GPIO_Label
PB2.GPIO_Label=PTT_IN
PB2.GPIO_PuPd=GPIO_PULLUP
PB2.Locked=true
PB2.Signal=GPXTI2
PB3.Locked=true
PB3.Mode=Trace_Asynchronous_SW
PB3.Signal=SYS_JTDO-SWO
PB6.GPIOParameters=PinState,GPIO_PuPd,GPIO_Label
PB6.GPIO_Label=CPU_PW_HOLD
PB6.GPIO_PuPd=GPIO_PULLUP
PB6.Locked=true
PB6.PinState=GPIO_PIN_SET
PB6.Signal=GPIO_Output
PB7.GPIOParameters=GPIO_PuPd,GPIO_Label
PB7.GPIO_Label=CPU_PW
PB7.GPIO_PuPd=GPIO_PULLUP
PB7.Locked=true
PB7.Signal=GPXTI7
PC0.GPIOParameters=GPIO_Label
PC0.GPIO_Label=SWR_FORW
PC0.Locked=true
PC0.Signal=ADCx_IN10
PC1.GPIOParameters=GPIO_Label
PC1.GPIO_Label=SWR_BACKW
PC1.Locked=true
PC1.Signal=ADCx_IN11
PC10.GPIOParameters=GPIO_Speed,GPIO_PuPd,GPIO_Label
PC10.GPIO_Label=WM8731_BCLK
PC10.GPIO_PuPd=GPIO_PULLUP
PC10.GPIO_Speed=GPIO_SPEED_FREQ_VERY_HIGH
PC10.Mode=Full_Duplex_Master
PC10.Signal=I2S3_CK
PC11.GPIOParameters=GPIO_Speed,GPIO_PuPd,GPIO_Label
PC11.GPIO_Label=WM8731_ADC_SD
PC11.GPIO_PuPd=GPIO_PULLUP
PC11.GPIO_Speed=GPIO_SPEED_FREQ_VERY_HIGH
PC11.Mode=Full_Duplex_Master
PC11.Signal=I2S3_ext_SD
PC12.GPIOParameters=GPIO_Speed,GPIO_PuPd,GPIO_Label
PC12.GPIO_Label=WM8731_DAC_SD
PC12.GPIO_PuPd=GPIO_PULLUP
PC12.GPIO_Speed=GPIO_SPEED_FREQ_VERY_HIGH
PC12.Mode=Full_Duplex_Master
PC12.Signal=I2S3_SD
PC13-ANTI_TAMP.GPIOParameters=GPIO_PuPd,GPIO_Label
PC13-ANTI_TAMP.GPIO_Label=ENC2_CLK
PC13-ANTI_TAMP.GPIO_PuPd=GPIO_PULLUP
PC13-ANTI_TAMP.Locked=true
PC13-ANTI_TAMP.Signal=GPIO_Input
PC14-OSC32_IN.Mode=LSE-External-Oscillator
PC14-OSC32_IN.Signal=RCC_OSC32_IN
PC15-OSC32_OUT.Mode=LSE-External-Oscillator
PC15-OSC32_OUT.Signal=RCC_OSC32_OUT
PC2.GPIOParameters=GPIO_PuPd,GPIO_Label
PC2.GPIO_Label=FPGA_CLK
PC2.GPIO_PuPd=GPIO_PULLUP
PC2.Locked=true
PC2.Signal=GPIO_Output
PC3.GPIOParameters=GPIO_PuPd,GPIO_Label
PC3.GPIO_Label=FPGA_SYNC
PC3.GPIO_PuPd=GPIO_PULLUP
PC3.Locked=true
PC3.Signal=GPIO_Output
PC4.GPIOParameters=GPIO_Label
PC4.GPIO_Label=Power-IN
PC4.Locked=true
PC4.Signal=ADCx_IN14
PC5.GPIOParameters=GPIO_Label
PC5.GPIO_Label=ALC_IN
PC5.Locked=true
PC5.Signal=ADCx_IN15
PC7.GPIOParameters=GPIO_PuPd,GPIO_Label
PC7.GPIO_Label=MUTE
PC7.GPIO_PuPd=GPIO_PULLDOWN
PC7.Locked=true
PC7.Signal=GPIO_Output
PC8.GPIOParameters=GPIO_PuPd,GPIO_Label
PC8.GPIO_Label=AD1_CS
PC8.GPIO_PuPd=GPIO_PULLUP
PC8.Locked=true
PC8.Signal=GPIO_Output
PC9.Locked=true
PC9.Mode=Audio_ClockIn
PC9.Signal=I2S_CKIN
PD0.GPIOParameters=GPIO_PuPd,GPIO_Speed_High_Default
PD0.GPIO_PuPd=GPIO_NOPULL
PD0.GPIO_Speed_High_Default=GPIO_SPEED_FREQ_LOW
PD0.Mode=16b-d1
PD0.Signal=FSMC_D2
PD1.GPIOParameters=GPIO_PuPd,GPIO_Speed_High_Default
PD1.GPIO_PuPd=GPIO_NOPULL
PD1.GPIO_Speed_High_Default=GPIO_SPEED_FREQ_LOW
PD1.Mode=16b-d1
PD1.Signal=FSMC_D3
PD10.GPIOParameters=GPIO_PuPd,GPIO_Speed_High_Default
PD10.GPIO_PuPd=GPIO_NOPULL
PD10.GPIO_Speed_High_Default=GPIO_SPEED_FREQ_LOW
PD10.Mode=16b-d1
PD10.Signal=FSMC_D15
PD13.GPIOParameters=GPIO_PuPd,GPIO_Speed_High_Default
PD13.GPIO_PuPd=GPIO_NOPULL
PD13.GPIO_Speed_High_Default=GPIO_SPEED_FREQ_LOW
PD13.Mode=A18_1
PD13.Signal=FSMC_A18
PD14.GPIOParameters=GPIO_PuPd,GPIO_Speed_High_Default
PD14.GPIO_PuPd=GPIO_NOPULL
PD14.GPIO_Speed_High_Default=GPIO_SPEED_FREQ_LOW
PD14.Mode=16b-d1
PD14.Signal=FSMC_D0
PD15.GPIOParameters=GPIO_PuPd,GPIO_Speed_High_Default
PD15.GPIO_PuPd=GPIO_NOPULL
PD15.GPIO_Speed_High_Default=GPIO_SPEED_FREQ_LOW
PD15.Mode=16b-d1
PD15.Signal=FSMC_D1
PD3.GPIOParameters=GPIO_PuPd,GPIO_Label
PD3.GPIO_Label=WM8731_SCK
PD3.GPIO_PuPd=GPIO_PULLUP
PD3.Locked=true
PD3.Signal=GPIO_Output
PD4.GPIOParameters=GPIO_PuPd,GPIO_Speed_High_Default
PD4.GPIO_PuPd=GPIO_NOPULL
PD4.GPIO_Speed_High_Default=GPIO_SPEED_FREQ_LOW
PD4.Mode=Lcd1
PD4.Signal=FSMC_NOE
PD5.GPIOParameters=GPIO_PuPd,GPIO_Speed_High_Default
PD5.GPIO_PuPd=GPIO_NOPULL
PD5.GPIO_Speed_High_Default=GPIO_SPEED_FREQ_LOW
PD5.Mode=Lcd1
PD5.Signal=FSMC_NWE
PD6.GPIOParameters=GPIO_PuPd,GPIO_Label
PD6.GPIO_Label=WM8731_SDA
PD6.GPIO_PuPd=GPIO_PULLUP
PD6.Locked=true
PD6.Signal=GPIO_Output
PD7.GPIOParameters=GPIO_PuPd,GPIO_Speed_High_Default
PD7.GPIO_PuPd=GPIO_NOPULL
PD7.GPIO_Speed_High_Default=GPIO_SPEED_FREQ_LOW
PD7.Mode=NorPsramChipSelect1_1
PD7.Signal=FSMC_NE1
PD8.GPIOParameters=GPIO_PuPd,GPIO_Speed_High_Default
PD8.GPIO_PuPd=GPIO_NOPULL
PD8.GPIO_Speed_High_Default=GPIO_SPEED_FREQ_LOW
PD8.Mode=16b-d1
PD8.Signal=FSMC_D13
PD9.GPIOParameters=GPIO_PuPd,GPIO_Speed_High_Default
PD9.GPIO_PuPd=GPIO_NOPULL
PD9.GPIO_Speed_High_Default=GPIO_SPEED_FREQ_LOW
PD9.Mode=16b-d1
PD9.Signal=FSMC_D14
PE0.GPIOParameters=GPIO_PuPd,GPIO_Label
PE0.GPIO_Label=KEY_IN_DASH
PE0.GPIO_PuPd=GPIO_PULLUP
PE0.Locked=true
PE0.Signal=GPXTI0
PE1.GPIOParameters=GPIO_PuPd,GPIO_Label
PE1.GPIO_Label=KEY_IN_DOT
PE1.GPIO_PuPd=GPIO_PULLUP
PE1.Locked=true
PE1.Signal=GPXTI1
PE10.GPIOParameters=GPIO_PuPd,GPIO_Speed_High_Default
PE10.GPIO_PuPd=GPIO_NOPULL
PE10.GPIO_Speed_High_Default=GPIO_SPEED_FREQ_LOW
PE10.Mode=16b-d1
PE10.Signal=FSMC_D7
PE11.GPIOParameters=GPIO_PuPd,GPIO_Speed_High_Default
PE11.GPIO_PuPd=GPIO_NOPULL
PE11.GPIO_Speed_High_Default=GPIO_SPEED_FREQ_LOW
PE11.Mode=16b-d1
PE11.Signal=FSMC_D8
PE12.GPIOParameters=GPIO_PuPd,GPIO_Speed_High_Default
PE12.GPIO_PuPd=GPIO_NOPULL
PE12.GPIO_Speed_High_Default=GPIO_SPEED_FREQ_LOW
PE12.Mode=16b-d1
PE12.Signal=FSMC_D9
PE13.GPIOParameters=GPIO_PuPd,GPIO_Speed_High_Default
PE13.GPIO_PuPd=GPIO_NOPULL
PE13.GPIO_Speed_High_Default=GPIO_SPEED_FREQ_LOW
PE13.Mode=16b-d1
PE13.Signal=FSMC_D10
PE14.GPIOParameters=GPIO_PuPd,GPIO_Speed_High_Default
PE14.GPIO_PuPd=GPIO_NOPULL
PE14.GPIO_Speed_High_Default=GPIO_SPEED_FREQ_LOW
PE14.Mode=16b-d1
PE14.Signal=FSMC_D11
PE15.GPIOParameters=GPIO_PuPd,GPIO_Speed_High_Default
PE15.GPIO_PuPd=GPIO_NOPULL
PE15.GPIO_Speed_High_Default=GPIO_SPEED_FREQ_LOW
PE15.Mode=16b-d1
PE15.Signal=FSMC_D12
PE3.GPIOParameters=GPIO_PuPd,GPIO_Label,GPIO_ModeDefaultEXTI
PE3.GPIO_Label=ENC_CLK
PE3.GPIO_ModeDefaultEXTI=GPIO_MODE_IT_RISING_FALLING
PE3.GPIO_PuPd=GPIO_PULLUP
PE3.Locked=true
PE3.Signal=GPXTI3
PE4.GPIOParameters=GPIO_PuPd,GPIO_Label
PE4.GPIO_Label=ENC2_SW
PE4.GPIO_PuPd=GPIO_PULLUP
PE4.Locked=true
PE4.Signal=GPIO_Input
PE5.GPIOParameters=GPIO_PuPd,GPIO_Label
PE5.GPIO_Label=ENC_DT
PE5.GPIO_PuPd=GPIO_PULLUP
PE5.Locked=true
PE5.Signal=GPIO_Input
PE6.GPIOParameters=GPIO_PuPd,GPIO_Label
PE6.GPIO_Label=ENC2_DT
PE6.GPIO_PuPd=GPIO_PULLUP
PE6.Locked=true
PE6.Signal=GPIO_Input
PE7.GPIOParameters=GPIO_PuPd,GPIO_Speed_High_Default
PE7.GPIO_PuPd=GPIO_NOPULL
PE7.GPIO_Speed_High_Default=GPIO_SPEED_FREQ_LOW
PE7.Mode=16b-d1
PE7.Signal=FSMC_D4
PE8.GPIOParameters=GPIO_PuPd,GPIO_Speed_High_Default
PE8.GPIO_PuPd=GPIO_NOPULL
PE8.GPIO_Speed_High_Default=GPIO_SPEED_FREQ_LOW
PE8.Mode=16b-d1
PE8.Signal=FSMC_D5
PE9.GPIOParameters=GPIO_PuPd,GPIO_Speed_High_Default
PE9.GPIO_PuPd=GPIO_NOPULL
PE9.GPIO_Speed_High_Default=GPIO_SPEED_FREQ_LOW
PE9.Mode=16b-d1
PE9.Signal=FSMC_D6
PH0-OSC_IN.Mode=HSE-External-Oscillator
PH0-OSC_IN.Signal=RCC_OSC_IN
PH1-OSC_OUT.Mode=HSE-External-Oscillator
PH1-OSC_OUT.Signal=RCC_OSC_OUT
PinOutPanel.RotationAngle=0
ProjectManager.AskForMigrate=true
ProjectManager.BackupPrevious=false
ProjectManager.CompilerOptimize=6
ProjectManager.ComputerToolchain=false
ProjectManager.CoupleFile=false
ProjectManager.CustomerFirmwarePackage=
ProjectManager.DefaultFWLocation=true
ProjectManager.DeletePrevious=true
ProjectManager.DeviceId=STM32F407VETx
ProjectManager.FirmwarePackage=STM32Cube FW_F4 V1.25.2
ProjectManager.FreePins=true
ProjectManager.HalAssertFull=false
ProjectManager.HeapSize=0x1F00
ProjectManager.KeepUserCode=true
ProjectManager.LastFirmware=true
ProjectManager.LibraryCopy=1
ProjectManager.MainLocation=Core/Src
ProjectManager.NoMain=false
ProjectManager.PreviousToolchain=
ProjectManager.ProjectBuild=false
ProjectManager.ProjectFileName=WOLF-Lite.ioc
ProjectManager.ProjectName=WOLF-Lite
ProjectManager.RegisterCallBack=
ProjectManager.StackSize=0x1F00
ProjectManager.TargetToolchain=MDK-ARM V5.27
ProjectManager.ToolChainLocation=
ProjectManager.UnderRoot=false
ProjectManager.functionlistsort=1-MX_GPIO_Init-GPIO-false-HAL-true,2-MX_DMA_Init-DMA-false-HAL-true,3-SystemClock_Config-RCC-false-HAL-false,4-MX_USB_OTG_FS_PCD_Init-USB_OTG_FS-true-HAL-true,5-MX_I2S3_Init-I2S3-false-HAL-true,6-MX_RTC_Init-RTC-false-HAL-true,7-MX_ADC1_Init-ADC1-false-HAL-true,8-MX_ADC2_Init-ADC2-false-HAL-true,9-MX_FSMC_Init-FSMC-false-HAL-true,10-MX_SPI2_Init-SPI2-false-HAL-true,11-MX_TIM3_Init-TIM3-false-HAL-true,12-MX_TIM4_Init-TIM4-false-HAL-true,13-MX_TIM5_Init-TIM5-false-HAL-true,14-MX_TIM6_Init-TIM6-false-HAL-true,15-MX_TIM7_Init-TIM7-false-HAL-true,16-MX_TIM8_Init-TIM8-false-HAL-true
RCC.48MHZClocksFreq_Value=48000000
RCC.AHBFreq_Value=168000000
RCC.APB1CLKDivider=RCC_HCLK_DIV4
RCC.APB1Freq_Value=42000000
RCC.APB1TimFreq_Value=84000000
RCC.APB2CLKDivider=RCC_HCLK_DIV4
RCC.APB2Freq_Value=42000000
RCC.APB2TimFreq_Value=84000000
RCC.CortexFreq_Value=168000000
RCC.DATA_CACHE_ENABLE=1
RCC.EthernetFreq_Value=168000000
RCC.FCLKCortexFreq_Value=168000000
RCC.FamilyName=M
RCC.HCLKFreq_Value=168000000
RCC.HSE_VALUE=8000000
RCC.HSI_VALUE=16000000
RCC.I2SClockSource=I2S_CLOCK_EXTERNAL
RCC.I2SClocksFreq_Value=12288000
RCC.INSTRUCTION_CACHE_ENABLE=1
RCC.IPParameters=48MHZClocksFreq_Value,AHBFreq_Value,APB1CLKDivider,APB1Freq_Value,APB1TimFreq_Value,APB2CLKDivider,APB2Freq_Value,APB2TimFreq_Value,CortexFreq_Value,DATA_CACHE_ENABLE,EthernetFreq_Value,FCLKCortexFreq_Value,FamilyName,HCLKFreq_Value,HSE_VALUE,HSI_VALUE,I2SClockSource,I2SClocksFreq_Value,INSTRUCTION_CACHE_ENABLE,LSI_VALUE,MCO2PinFreq_Value,PLLCLKFreq_Value,PLLI2SN,PLLI2SR,PLLM,PLLN,PLLQ,PLLQCLKFreq_Value,PREFETCH_ENABLE,RCC_RTC_Clock_Source,RCC_RTC_Clock_SourceVirtual,RTCFreq_Value,RTCHSEDivFreq_Value,SYSCLKFreq_VALUE,SYSCLKSource,VCOI2SOutputFreq_Value,VCOInputFreq_Value,VCOOutputFreq_Value,VcooutputI2S
RCC.LSI_VALUE=32000
RCC.MCO2PinFreq_Value=168000000
RCC.PLLCLKFreq_Value=168000000
RCC.PLLI2SN=128
RCC.PLLI2SR=4
RCC.PLLM=8
RCC.PLLN=336
RCC.PLLQ=7
RCC.PLLQCLKFreq_Value=48000000
RCC.PREFETCH_ENABLE=1
RCC.RCC_RTC_Clock_Source=RCC_RTCCLKSOURCE_LSE
RCC.RCC_RTC_Clock_SourceVirtual=RCC_RTCCLKSOURCE_LSE
RCC.RTCFreq_Value=32768
RCC.RTCHSEDivFreq_Value=4000000
RCC.SYSCLKFreq_VALUE=168000000
RCC.SYSCLKSource=RCC_SYSCLKSOURCE_PLLCLK
RCC.VCOI2SOutputFreq_Value=128000000
RCC.VCOInputFreq_Value=1000000
RCC.VCOOutputFreq_Value=336000000
RCC.VcooutputI2S=32000000
SH.ADCx_IN10.0=ADC1_IN10,IN10
SH.ADCx_IN10.ConfNb=1
SH.ADCx_IN11.0=ADC1_IN11,IN11
SH.ADCx_IN11.ConfNb=1
SH.ADCx_IN14.0=ADC2_IN14,IN14
SH.ADCx_IN14.ConfNb=1
SH.ADCx_IN15.0=ADC2_IN15,IN15
SH.ADCx_IN15.ConfNb=1
SH.ADCx_IN8.0=ADC1_IN8,IN8
SH.ADCx_IN8.ConfNb=1
SH.ADCx_IN9.0=ADC1_IN9,IN9
SH.ADCx_IN9.ConfNb=1
SH.GPXTI0.0=GPIO_EXTI0
SH.GPXTI0.ConfNb=1
SH.GPXTI1.0=GPIO_EXTI1
SH.GPXTI1.ConfNb=1
SH.GPXTI10.0=GPIO_EXTI10
SH.GPXTI10.ConfNb=1
SH.GPXTI2.0=GPIO_EXTI2
SH.GPXTI2.ConfNb=1
SH.GPXTI3.0=GPIO_EXTI3
SH.GPXTI3.ConfNb=1
SH.GPXTI7.0=GPIO_EXTI7
SH.GPXTI7.ConfNb=1
SPI2.BaudRatePrescaler=SPI_BAUDRATEPRESCALER_16
SPI2.CalculateBaudRate=2.625 MBits/s
SPI2.Direction=SPI_DIRECTION_2LINES
SPI2.IPParameters=VirtualType,Mode,Direction,CalculateBaudRate,BaudRatePrescaler
SPI2.Mode=SPI_MODE_MASTER
SPI2.VirtualType=VM_MASTER
TIM3.IPParameters=Prescaler,Period,TIM_MasterOutputTrigger
TIM3.Period=199
TIM3.Prescaler=419
TIM3.TIM_MasterOutputTrigger=TIM_TRGO_UPDATE
TIM4.IPParameters=Prescaler,Period,TIM_MasterOutputTrigger
TIM4.Period=199
TIM4.Prescaler=4199
TIM4.TIM_MasterOutputTrigger=TIM_TRGO_UPDATE
TIM5.IPParameters=Prescaler,Period,TIM_MasterOutputTrigger
TIM5.Period=99
TIM5.Prescaler=41
TIM5.TIM_MasterOutputTrigger=TIM_TRGO_UPDATE
TIM6.IPParameters=Prescaler,Period,TIM_MasterOutputTrigger
TIM6.Period=199
TIM6.Prescaler=4199
TIM6.TIM_MasterOutputTrigger=TIM_TRGO_UPDATE
TIM7.IPParameters=Prescaler,Period,TIM_MasterOutputTrigger
TIM7.Period=199
TIM7.Prescaler=419
TIM7.TIM_MasterOutputTrigger=TIM_TRGO_UPDATE
TIM8.IPParameters=TIM_MasterOutputTrigger,Prescaler,Period
TIM8.Period=19999
TIM8.Prescaler=209
TIM8.TIM_MasterOutputTrigger=TIM_TRGO_UPDATE
USB_OTG_FS.IPParameters=VirtualMode,Sof_enable
USB_OTG_FS.Sof_enable=ENABLE
USB_OTG_FS.VirtualMode=Device_Only
VP_RTC_VS_RTC_Activate.Mode=RTC_Enabled
VP_RTC_VS_RTC_Activate.Signal=RTC_VS_RTC_Activate
VP_SYS_VS_Systick.Mode=SysTick
VP_SYS_VS_Systick.Signal=SYS_VS_Systick
VP_TIM3_VS_ClockSourceINT.Mode=Internal
VP_TIM3_VS_ClockSourceINT.Signal=TIM3_VS_ClockSourceINT
VP_TIM4_VS_ClockSourceINT.Mode=Internal
VP_TIM4_VS_ClockSourceINT.Signal=TIM4_VS_ClockSourceINT
VP_TIM5_VS_ClockSourceINT.Mode=Internal
VP_TIM5_VS_ClockSourceINT.Signal=TIM5_VS_ClockSourceINT
VP_TIM6_VS_ClockSourceINT.Mode=Enable_Timer
VP_TIM6_VS_ClockSourceINT.Signal=TIM6_VS_ClockSourceINT
VP_TIM7_VS_ClockSourceINT.Mode=Enable_Timer
VP_TIM7_VS_ClockSourceINT.Signal=TIM7_VS_ClockSourceINT
VP_TIM8_VS_ClockSourceINT.Mode=Internal
VP_TIM8_VS_ClockSourceINT.Signal=TIM8_VS_ClockSourceINT
board=custom
